// !$*UTF8*$!
{
	archiveVersion = 1;
	classes = {
	};
	objectVersion = 50;
	objects = {

/* Begin PBXBuildFile section */
		511F76AF26BE85C8008BC081 /* PiechartApp.swift in Sources */ = {isa = PBXBuildFile; fileRef = 511F76AE26BE85C8008BC081 /* PiechartApp.swift */; };
		511F76B126BE85C8008BC081 /* ContentView.swift in Sources */ = {isa = PBXBuildFile; fileRef = 511F76B026BE85C8008BC081 /* ContentView.swift */; };
		511F76B326BE85CD008BC081 /* Assets.xcassets in Resources */ = {isa = PBXBuildFile; fileRef = 511F76B226BE85CD008BC081 /* Assets.xcassets */; };
		511F76B626BE85CD008BC081 /* Preview Assets.xcassets in Resources */ = {isa = PBXBuildFile; fileRef = 511F76B526BE85CD008BC081 /* Preview Assets.xcassets */; };
		511F76C026BE88B5008BC081 /* LanguageModel.swift in Sources */ = {isa = PBXBuildFile; fileRef = 511F76BF26BE88B5008BC081 /* LanguageModel.swift */; };
		511F76C226BE8927008BC081 /* FakeLanguages.swift in Sources */ = {isa = PBXBuildFile; fileRef = 511F76C126BE8927008BC081 /* FakeLanguages.swift */; };
		511F76C526BFC41D008BC081 /* View+CGPoint.swift in Sources */ = {isa = PBXBuildFile; fileRef = 511F76C426BFC41D008BC081 /* View+CGPoint.swift */; };
		511F76C726BFC445008BC081 /* DrawShapeView.swift in Sources */ = {isa = PBXBuildFile; fileRef = 511F76C626BFC445008BC081 /* DrawShapeView.swift */; };
		511F76C926BFC47D008BC081 /* LeyendView.swift in Sources */ = {isa = PBXBuildFile; fileRef = 511F76C826BFC47D008BC081 /* LeyendView.swift */; };
		511F76CB26BFC4B4008BC081 /* PiechartView.swift in Sources */ = {isa = PBXBuildFile; fileRef = 511F76CA26BFC4B4008BC081 /* PiechartView.swift */; };
/* End PBXBuildFile section */

/* Begin PBXFileReference section */
		511F76AB26BE85C8008BC081 /* Piechart.app */ = {isa = PBXFileReference; explicitFileType = wrapper.application; includeInIndex = 0; path = Piechart.app; sourceTree = BUILT_PRODUCTS_DIR; };
		511F76AE26BE85C8008BC081 /* PiechartApp.swift */ = {isa = PBXFileReference; lastKnownFileType = sourcecode.swift; path = PiechartApp.swift; sourceTree = "<group>"; };
		511F76B026BE85C8008BC081 /* ContentView.swift */ = {isa = PBXFileReference; lastKnownFileType = sourcecode.swift; path = ContentView.swift; sourceTree = "<group>"; };
		511F76B226BE85CD008BC081 /* Assets.xcassets */ = {isa = PBXFileReference; lastKnownFileType = folder.assetcatalog; path = Assets.xcassets; sourceTree = "<group>"; };
		511F76B526BE85CD008BC081 /* Preview Assets.xcassets */ = {isa = PBXFileReference; lastKnownFileType = folder.assetcatalog; path = "Preview Assets.xcassets"; sourceTree = "<group>"; };
		511F76B726BE85CD008BC081 /* Info.plist */ = {isa = PBXFileReference; lastKnownFileType = text.plist.xml; path = Info.plist; sourceTree = "<group>"; };
		511F76BF26BE88B5008BC081 /* LanguageModel.swift */ = {isa = PBXFileReference; lastKnownFileType = sourcecode.swift; path = LanguageModel.swift; sourceTree = "<group>"; };
		511F76C126BE8927008BC081 /* FakeLanguages.swift */ = {isa = PBXFileReference; lastKnownFileType = sourcecode.swift; path = FakeLanguages.swift; sourceTree = "<group>"; };
		511F76C426BFC41D008BC081 /* View+CGPoint.swift */ = {isa = PBXFileReference; lastKnownFileType = sourcecode.swift; path = "View+CGPoint.swift"; sourceTree = "<group>"; };
		511F76C626BFC445008BC081 /* DrawShapeView.swift */ = {isa = PBXFileReference; lastKnownFileType = sourcecode.swift; path = DrawShapeView.swift; sourceTree = "<group>"; };
		511F76C826BFC47D008BC081 /* LeyendView.swift */ = {isa = PBXFileReference; lastKnownFileType = sourcecode.swift; path = LeyendView.swift; sourceTree = "<group>"; };
		511F76CA26BFC4B4008BC081 /* PiechartView.swift */ = {isa = PBXFileReference; lastKnownFileType = sourcecode.swift; path = PiechartView.swift; sourceTree = "<group>"; };
/* End PBXFileReference section */

/* Begin PBXFrameworksBuildPhase section */
		511F76A826BE85C8008BC081 /* Frameworks */ = {
			isa = PBXFrameworksBuildPhase;
			buildActionMask = 2147483647;
			files = (
			);
			runOnlyForDeploymentPostprocessing = 0;
		};
/* End PBXFrameworksBuildPhase section */

/* Begin PBXGroup section */
		511F76A226BE85C8008BC081 = {
			isa = PBXGroup;
			children = (
				511F76AD26BE85C8008BC081 /* Piechart */,
				511F76AC26BE85C8008BC081 /* Products */,
			);
			sourceTree = "<group>";
		};
		511F76AC26BE85C8008BC081 /* Products */ = {
			isa = PBXGroup;
			children = (
				511F76AB26BE85C8008BC081 /* Piechart.app */,
			);
			name = Products;
			sourceTree = "<group>";
		};
		511F76AD26BE85C8008BC081 /* Piechart */ = {
			isa = PBXGroup;
			children = (
				511F76C326BFC403008BC081 /* Extensions */,
				511F76AE26BE85C8008BC081 /* PiechartApp.swift */,
				511F76BE26BE8898008BC081 /* Model */,
				511F76BD26BE8890008BC081 /* View */,
				511F76B226BE85CD008BC081 /* Assets.xcassets */,
				511F76B726BE85CD008BC081 /* Info.plist */,
				511F76B426BE85CD008BC081 /* Preview Content */,
			);
			path = Piechart;
			sourceTree = "<group>";
		};
		511F76B426BE85CD008BC081 /* Preview Content */ = {
			isa = PBXGroup;
			children = (
				511F76B526BE85CD008BC081 /* Preview Assets.xcassets */,
			);
			path = "Preview Content";
			sourceTree = "<group>";
		};
		511F76BD26BE8890008BC081 /* View */ = {
			isa = PBXGroup;
			children = (
				511F76B026BE85C8008BC081 /* ContentView.swift */,
				511F76CA26BFC4B4008BC081 /* PiechartView.swift */,
				511F76C826BFC47D008BC081 /* LeyendView.swift */,
				511F76C626BFC445008BC081 /* DrawShapeView.swift */,
			);
			path = View;
			sourceTree = "<group>";
		};
		511F76BE26BE8898008BC081 /* Model */ = {
			isa = PBXGroup;
			children = (
				511F76BF26BE88B5008BC081 /* LanguageModel.swift */,
				511F76C126BE8927008BC081 /* FakeLanguages.swift */,
			);
			path = Model;
			sourceTree = "<group>";
		};
		511F76C326BFC403008BC081 /* Extensions */ = {
			isa = PBXGroup;
			children = (
				511F76C426BFC41D008BC081 /* View+CGPoint.swift */,
			);
			path = Extensions;
			sourceTree = "<group>";
		};
/* End PBXGroup section */

/* Begin PBXNativeTarget section */
		511F76AA26BE85C8008BC081 /* Piechart */ = {
			isa = PBXNativeTarget;
			buildConfigurationList = 511F76BA26BE85CD008BC081 /* Build configuration list for PBXNativeTarget "Piechart" */;
			buildPhases = (
				511F76A726BE85C8008BC081 /* Sources */,
				511F76A826BE85C8008BC081 /* Frameworks */,
				511F76A926BE85C8008BC081 /* Resources */,
			);
			buildRules = (
			);
			dependencies = (
			);
			name = Piechart;
			productName = Piechart;
			productReference = 511F76AB26BE85C8008BC081 /* Piechart.app */;
			productType = "com.apple.product-type.application";
		};
/* End PBXNativeTarget section */

/* Begin PBXProject section */
		511F76A326BE85C8008BC081 /* Project object */ = {
			isa = PBXProject;
			attributes = {
				LastSwiftUpdateCheck = 1250;
				LastUpgradeCheck = 1250;
				TargetAttributes = {
					511F76AA26BE85C8008BC081 = {
						CreatedOnToolsVersion = 12.5;
					};
				};
			};
			buildConfigurationList = 511F76A626BE85C8008BC081 /* Build configuration list for PBXProject "Piechart" */;
			compatibilityVersion = "Xcode 9.3";
			developmentRegion = en;
			hasScannedForEncodings = 0;
			knownRegions = (
				en,
				Base,
			);
			mainGroup = 511F76A226BE85C8008BC081;
			productRefGroup = 511F76AC26BE85C8008BC081 /* Products */;
			projectDirPath = "";
			projectRoot = "";
			targets = (
				511F76AA26BE85C8008BC081 /* Piechart */,
			);
		};
/* End PBXProject section */

/* Begin PBXResourcesBuildPhase section */
		511F76A926BE85C8008BC081 /* Resources */ = {
			isa = PBXResourcesBuildPhase;
			buildActionMask = 2147483647;
			files = (
				511F76B626BE85CD008BC081 /* Preview Assets.xcassets in Resources */,
				511F76B326BE85CD008BC081 /* Assets.xcassets in Resources */,
			);
			runOnlyForDeploymentPostprocessing = 0;
		};
/* End PBXResourcesBuildPhase section */

/* Begin PBXSourcesBuildPhase section */
		511F76A726BE85C8008BC081 /* Sources */ = {
			isa = PBXSourcesBuildPhase;
			buildActionMask = 2147483647;
			files = (
				511F76CB26BFC4B4008BC081 /* PiechartView.swift in Sources */,
				511F76C226BE8927008BC081 /* FakeLanguages.swift in Sources */,
				511F76B126BE85C8008BC081 /* ContentView.swift in Sources */,
				511F76C026BE88B5008BC081 /* LanguageModel.swift in Sources */,
				511F76C726BFC445008BC081 /* DrawShapeView.swift in Sources */,
				511F76C526BFC41D008BC081 /* View+CGPoint.swift in Sources */,
				511F76AF26BE85C8008BC081 /* PiechartApp.swift in Sources */,
				511F76C926BFC47D008BC081 /* LeyendView.swift in Sources */,
			);
			runOnlyForDeploymentPostprocessing = 0;
		};
/* End PBXSourcesBuildPhase section */

/* Begin XCBuildConfiguration section */
		511F76B826BE85CD008BC081 /* Debug */ = {
			isa = XCBuildConfiguration;
			buildSettings = {
				ALWAYS_SEARCH_USER_PATHS = NO;
				CLANG_ANALYZER_NONNULL = YES;
				CLANG_ANALYZER_NUMBER_OBJECT_CONVERSION = YES_AGGRESSIVE;
				CLANG_CXX_LANGUAGE_STANDARD = "gnu++14";
				CLANG_CXX_LIBRARY = "libc++";
				CLANG_ENABLE_MODULES = YES;
				CLANG_ENABLE_OBJC_ARC = YES;
				CLANG_ENABLE_OBJC_WEAK = YES;
				CLANG_WARN_BLOCK_CAPTURE_AUTORELEASING = YES;
				CLANG_WARN_BOOL_CONVERSION = YES;
				CLANG_WARN_COMMA = YES;
				CLANG_WARN_CONSTANT_CONVERSION = YES;
				CLANG_WARN_DEPRECATED_OBJC_IMPLEMENTATIONS = YES;
				CLANG_WARN_DIRECT_OBJC_ISA_USAGE = YES_ERROR;
				CLANG_WARN_DOCUMENTATION_COMMENTS = YES;
				CLANG_WARN_EMPTY_BODY = YES;
				CLANG_WARN_ENUM_CONVERSION = YES;
				CLANG_WARN_INFINITE_RECURSION = YES;
				CLANG_WARN_INT_CONVERSION = YES;
				CLANG_WARN_NON_LITERAL_NULL_CONVERSION = YES;
				CLANG_WARN_OBJC_IMPLICIT_RETAIN_SELF = YES;
				CLANG_WARN_OBJC_LITERAL_CONVERSION = YES;
				CLANG_WARN_OBJC_ROOT_CLASS = YES_ERROR;
				CLANG_WARN_QUOTED_INCLUDE_IN_FRAMEWORK_HEADER = YES;
				CLANG_WARN_RANGE_LOOP_ANALYSIS = YES;
				CLANG_WARN_STRICT_PROTOTYPES = YES;
				CLANG_WARN_SUSPICIOUS_MOVE = YES;
				CLANG_WARN_UNGUARDED_AVAILABILITY = YES_AGGRESSIVE;
				CLANG_WARN_UNREACHABLE_CODE = YES;
				CLANG_WARN__DUPLICATE_METHOD_MATCH = YES;
				COPY_PHASE_STRIP = NO;
				DEBUG_INFORMATION_FORMAT = dwarf;
				ENABLE_STRICT_OBJC_MSGSEND = YES;
				ENABLE_TESTABILITY = YES;
				GCC_C_LANGUAGE_STANDARD = gnu11;
				GCC_DYNAMIC_NO_PIC = NO;
				GCC_NO_COMMON_BLOCKS = YES;
				GCC_OPTIMIZATION_LEVEL = 0;
				GCC_PREPROCESSOR_DEFINITIONS = (
					"DEBUG=1",
					"$(inherited)",
				);
				GCC_WARN_64_TO_32_BIT_CONVERSION = YES;
				GCC_WARN_ABOUT_RETURN_TYPE = YES_ERROR;
				GCC_WARN_UNDECLARED_SELECTOR = YES;
				GCC_WARN_UNINITIALIZED_AUTOS = YES_AGGRESSIVE;
				GCC_WARN_UNUSED_FUNCTION = YES;
				GCC_WARN_UNUSED_VARIABLE = YES;
				IPHONEOS_DEPLOYMENT_TARGET = 14.5;
				MTL_ENABLE_DEBUG_INFO = INCLUDE_SOURCE;
				MTL_FAST_MATH = YES;
				ONLY_ACTIVE_ARCH = YES;
				SDKROOT = iphoneos;
				SWIFT_ACTIVE_COMPILATION_CONDITIONS = DEBUG;
				SWIFT_OPTIMIZATION_LEVEL = "-Onone";
			};
			name = Debug;
		};
		511F76B926BE85CD008BC081 /* Release */ = {
			isa = XCBuildConfiguration;
			buildSettings = {
				ALWAYS_SEARCH_USER_PATHS = NO;
				CLANG_ANALYZER_NONNULL = YES;
				CLANG_ANALYZER_NUMBER_OBJECT_CONVERSION = YES_AGGRESSIVE;
				CLANG_CXX_LANGUAGE_STANDARD = "gnu++14";
				CLANG_CXX_LIBRARY = "libc++";
				CLANG_ENABLE_MODULES = YES;
				CLANG_ENABLE_OBJC_ARC = YES;
				CLANG_ENABLE_OBJC_WEAK = YES;
				CLANG_WARN_BLOCK_CAPTURE_AUTORELEASING = YES;
				CLANG_WARN_BOOL_CONVERSION = YES;
				CLANG_WARN_COMMA = YES;
				CLANG_WARN_CONSTANT_CONVERSION = YES;
				CLANG_WARN_DEPRECATED_OBJC_IMPLEMENTATIONS = YES;
				CLANG_WARN_DIRECT_OBJC_ISA_USAGE = YES_ERROR;
				CLANG_WARN_DOCUMENTATION_COMMENTS = YES;
				CLANG_WARN_EMPTY_BODY = YES;
				CLANG_WARN_ENUM_CONVERSION = YES;
				CLANG_WARN_INFINITE_RECURSION = YES;
				CLANG_WARN_INT_CONVERSION = YES;
				CLANG_WARN_NON_LITERAL_NULL_CONVERSION = YES;
				CLANG_WARN_OBJC_IMPLICIT_RETAIN_SELF = YES;
				CLANG_WARN_OBJC_LITERAL_CONVERSION = YES;
				CLANG_WARN_OBJC_ROOT_CLASS = YES_ERROR;
				CLANG_WARN_QUOTED_INCLUDE_IN_FRAMEWORK_HEADER = YES;
				CLANG_WARN_RANGE_LOOP_ANALYSIS = YES;
				CLANG_WARN_STRICT_PROTOTYPES = YES;
				CLANG_WARN_SUSPICIOUS_MOVE = YES;
				CLANG_WARN_UNGUARDED_AVAILABILITY = YES_AGGRESSIVE;
				CLANG_WARN_UNREACHABLE_CODE = YES;
				CLANG_WARN__DUPLICATE_METHOD_MATCH = YES;
				COPY_PHASE_STRIP = NO;
				DEBUG_INFORMATION_FORMAT = "dwarf-with-dsym";
				ENABLE_NS_ASSERTIONS = NO;
				ENABLE_STRICT_OBJC_MSGSEND = YES;
				GCC_C_LANGUAGE_STANDARD = gnu11;
				GCC_NO_COMMON_BLOCKS = YES;
				GCC_WARN_64_TO_32_BIT_CONVERSION = YES;
				GCC_WARN_ABOUT_RETURN_TYPE = YES_ERROR;
				GCC_WARN_UNDECLARED_SELECTOR = YES;
				GCC_WARN_UNINITIALIZED_AUTOS = YES_AGGRESSIVE;
				GCC_WARN_UNUSED_FUNCTION = YES;
				GCC_WARN_UNUSED_VARIABLE = YES;
				IPHONEOS_DEPLOYMENT_TARGET = 14.5;
				MTL_ENABLE_DEBUG_INFO = NO;
				MTL_FAST_MATH = YES;
				SDKROOT = iphoneos;
				SWIFT_COMPILATION_MODE = wholemodule;
				SWIFT_OPTIMIZATION_LEVEL = "-O";
				VALIDATE_PRODUCT = YES;
			};
			name = Release;
		};
		511F76BB26BE85CD008BC081 /* Debug */ = {
			isa = XCBuildConfiguration;
			buildSettings = {
				ASSETCATALOG_COMPILER_APPICON_NAME = AppIcon;
				ASSETCATALOG_COMPILER_GLOBAL_ACCENT_COLOR_NAME = AccentColor;
				CODE_SIGN_STYLE = Automatic;
				DEVELOPMENT_ASSET_PATHS = "\"Piechart/Preview Content\"";
				DEVELOPMENT_TEAM = 5J2G4846S8;
				ENABLE_PREVIEWS = YES;
				INFOPLIST_FILE = Piechart/Info.plist;
				IPHONEOS_DEPLOYMENT_TARGET = 14.0;
				LD_RUNPATH_SEARCH_PATHS = (
					"$(inherited)",
					"@executable_path/Frameworks",
				);
				PRODUCT_BUNDLE_IDENTIFIER = "com.alancasasarevalo-gmail.Piechart";
				PRODUCT_NAME = "$(TARGET_NAME)";
				SWIFT_VERSION = 5.0;
				TARGETED_DEVICE_FAMILY = "1,2";
			};
			name = Debug;
		};
		511F76BC26BE85CD008BC081 /* Release */ = {
			isa = XCBuildConfiguration;
			buildSettings = {
				ASSETCATALOG_COMPILER_APPICON_NAME = AppIcon;
				ASSETCATALOG_COMPILER_GLOBAL_ACCENT_COLOR_NAME = AccentColor;
				CODE_SIGN_STYLE = Automatic;
				DEVELOPMENT_ASSET_PATHS = "\"Piechart/Preview Content\"";
				DEVELOPMENT_TEAM = 5J2G4846S8;
				ENABLE_PREVIEWS = YES;
				INFOPLIST_FILE = Piechart/Info.plist;
				IPHONEOS_DEPLOYMENT_TARGET = 14.0;
				LD_RUNPATH_SEARCH_PATHS = (
					"$(inherited)",
					"@executable_path/Frameworks",
				);
				PRODUCT_BUNDLE_IDENTIFIER = "com.alancasasarevalo-gmail.Piechart";
				PRODUCT_NAME = "$(TARGET_NAME)";
				SWIFT_VERSION = 5.0;
				TARGETED_DEVICE_FAMILY = "1,2";
			};
			name = Release;
		};
/* End XCBuildConfiguration section */

/* Begin XCConfigurationList section */
		511F76A626BE85C8008BC081 /* Build configuration list for PBXProject "Piechart" */ = {
			isa = XCConfigurationList;
			buildConfigurations = (
				511F76B826BE85CD008BC081 /* Debug */,
				511F76B926BE85CD008BC081 /* Release */,
			);
			defaultConfigurationIsVisible = 0;
			defaultConfigurationName = Release;
		};
		511F76BA26BE85CD008BC081 /* Build configuration list for PBXNativeTarget "Piechart" */ = {
			isa = XCConfigurationList;
			buildConfigurations = (
				511F76BB26BE85CD008BC081 /* Debug */,
				511F76BC26BE85CD008BC081 /* Release */,
			);
			defaultConfigurationIsVisible = 0;
			defaultConfigurationName = Release;
		};
/* End XCConfigurationList section */
	};
	rootObject = 511F76A326BE85C8008BC081 /* Project object */;
}
